
Microsoft Visual Studio Solution File, Format Version 12.00
# Visual Studio Version 16
VisualStudioVersion = 16.0.29609.76
MinimumVisualStudioVersion = 10.0.40219.1
Project("{FAE04EC0-301F-11D3-BF4B-00C04F79EFBC}") = "WebApplicationSQL-01", "WebApplicationSQL-01.csproj", "{F05A1580-64F6-4BAA-9B09-D9F6E816F899}"
EndProject
Global
	GlobalSection(SolutionConfigurationPlatforms) = preSolution
		Debug|Any CPU = Debug|Any CPU
		Release|Any CPU = Release|Any CPU
	EndGlobalSection
	GlobalSection(ProjectConfigurationPlatforms) = postSolution
		{F05A1580-64F6-4BAA-9B09-D9F6E816F899}.Debug|Any CPU.ActiveCfg = Debug|Any CPU
		{F05A1580-64F6-4BAA-9B09-D9F6E816F899}.Debug|Any CPU.Build.0 = Debug|Any CPU
		{F05A1580-64F6-4BAA-9B09-D9F6E816F899}.Release|Any CPU.ActiveCfg = Release|Any CPU
		{F05A1580-64F6-4BAA-9B09-D9F6E816F899}.Release|Any CPU.Build.0 = Release|Any CPU
	EndGlobalSection
	GlobalSection(SolutionProperties) = preSolution
		HideSolutionNode = FALSE
	EndGlobalSection
	GlobalSection(ExtensibilityGlobals) = postSolution
		SolutionGuid = {880DC5FB-5961-46C8-B8B6-27E29D8058D1}
	EndGlobalSection
EndGlobal
